
Microsoft Visual Studio Solution File, Format Version 12.00
# Visual Studio Version 17
VisualStudioVersion = 17.0.31903.59
MinimumVisualStudioVersion = 10.0.40219.1
Project("{2150E333-8FDC-42A3-9474-1A3956D46DE8}") = "src", "src", "{51413BD5-8686-4349-AE26-A70BF2098547}"
EndProject
Project("{9A19103F-16F7-4668-BE54-9A1E7A4F7556}") = "Blog.API", "src\Blog.API\Blog.API.csproj", "{E405EF11-9E90-4743-82CF-D47D19D6A018}"
EndProject
Global
	GlobalSection(SolutionConfigurationPlatforms) = preSolution
		Debug|Any CPU = Debug|Any CPU
		Release|Any CPU = Release|Any CPU
	EndGlobalSection
	GlobalSection(ProjectConfigurationPlatforms) = postSolution
		{E405EF11-9E90-4743-82CF-D47D19D6A018}.Debug|Any CPU.ActiveCfg = Debug|Any CPU
		{E405EF11-9E90-4743-82CF-D47D19D6A018}.Debug|Any CPU.Build.0 = Debug|Any CPU
		{E405EF11-9E90-4743-82CF-D47D19D6A018}.Release|Any CPU.ActiveCfg = Release|Any CPU
		{E405EF11-9E90-4743-82CF-D47D19D6A018}.Release|Any CPU.Build.0 = Release|Any CPU
	EndGlobalSection
	GlobalSection(SolutionProperties) = preSolution
		HideSolutionNode = FALSE
	EndGlobalSection
	GlobalSection(NestedProjects) = preSolution
		{E405EF11-9E90-4743-82CF-D47D19D6A018} = {51413BD5-8686-4349-AE26-A70BF2098547}
	EndGlobalSection
	GlobalSection(ExtensibilityGlobals) = postSolution
		SolutionGuid = {5093A8C7-F55D-49DF-AE19-FD85714EC35E}
	EndGlobalSection
EndGlobal
